
Microsoft Visual Studio Solution File, Format Version 12.00
# Visual Studio 15
VisualStudioVersion = 15.0.28010.2050
MinimumVisualStudioVersion = 10.0.40219.1
Project("{888888A0-9F3D-457C-B088-3A5042F75D52}") = "st_webservice", "st_webservice\st_webservice.pyproj", "{51389E43-9F99-4055-918C-B1BC099F4F87}"
EndProject
Global
	GlobalSection(SolutionConfigurationPlatforms) = preSolution
		Debug|Any CPU = Debug|Any CPU
		Release|Any CPU = Release|Any CPU
	EndGlobalSection
	GlobalSection(ProjectConfigurationPlatforms) = postSolution
		{51389E43-9F99-4055-918C-B1BC099F4F87}.Debug|Any CPU.ActiveCfg = Debug|Any CPU
		{51389E43-9F99-4055-918C-B1BC099F4F87}.Debug|Any CPU.Build.0 = Debug|Any CPU
		{51389E43-9F99-4055-918C-B1BC099F4F87}.Release|Any CPU.ActiveCfg = Release|Any CPU
		{51389E43-9F99-4055-918C-B1BC099F4F87}.Release|Any CPU.Build.0 = Release|Any CPU
	EndGlobalSection
	GlobalSection(SolutionProperties) = preSolution
		HideSolutionNode = FALSE
	EndGlobalSection
	GlobalSection(ExtensibilityGlobals) = postSolution
		SolutionGuid = {F7EBFEC5-4E31-434A-8D92-58EFB0A5A65F}
	EndGlobalSection
EndGlobal
